// !$*UTF8*$!
{
	archiveVersion = 1;
	classes = {
	};
	objectVersion = 77;
	objects = {

/* Begin PBXBuildFile section */
		11E366D42D378260008C1E04 /* Alamofire in Frameworks */ = {isa = PBXBuildFile; productRef = 11E366D32D378260008C1E04 /* Alamofire */; };
		11E366D72D378291008C1E04 /* SnapKit in Frameworks */ = {isa = PBXBuildFile; productRef = 11E366D62D378291008C1E04 /* SnapKit */; };
		11E366DA2D37829E008C1E04 /* Then in Frameworks */ = {isa = PBXBuildFile; productRef = 11E366D92D37829E008C1E04 /* Then */; };
		11E366DD2D3782B1008C1E04 /* Kingfisher in Frameworks */ = {isa = PBXBuildFile; productRef = 11E366DC2D3782B1008C1E04 /* Kingfisher */; };
		11E366E62D3782C2008C1E04 /* Assets.xcassets in Resources */ = {isa = PBXBuildFile; fileRef = 11E366DF2D3782C2008C1E04 /* Assets.xcassets */; };
		11E366E82D3782C2008C1E04 /* LaunchScreen.storyboard in Resources */ = {isa = PBXBuildFile; fileRef = 11E366E22D3782C2008C1E04 /* LaunchScreen.storyboard */; };
		11E366E92D3782C2008C1E04 /* AppDelegate.swift in Sources */ = {isa = PBXBuildFile; fileRef = 11E366DE2D3782C2008C1E04 /* AppDelegate.swift */; };
		11E366EA2D3782C2008C1E04 /* SceneDelegate.swift in Sources */ = {isa = PBXBuildFile; fileRef = 11E366E32D3782C2008C1E04 /* SceneDelegate.swift */; };
		11E366EB2D3782C2008C1E04 /* ViewController.swift in Sources */ = {isa = PBXBuildFile; fileRef = 11E366E42D3782C2008C1E04 /* ViewController.swift */; };
		11E366F12D3782F9008C1E04 /* ViewConfig.swift in Sources */ = {isa = PBXBuildFile; fileRef = 11E366F02D3782F4008C1E04 /* ViewConfig.swift */; };
		11E366F32D378327008C1E04 /* UIViewController+.swift in Sources */ = {isa = PBXBuildFile; fileRef = 11E366F22D378322008C1E04 /* UIViewController+.swift */; };
		11E366F62D37848B008C1E04 /* ShoppingListViewController.swift in Sources */ = {isa = PBXBuildFile; fileRef = 11E366F52D37848B008C1E04 /* ShoppingListViewController.swift */; };
		11E366FB2D378748008C1E04 /* Merchandise.swift in Sources */ = {isa = PBXBuildFile; fileRef = 11E366FA2D378736008C1E04 /* Merchandise.swift */; };
		11E366FD2D37DC54008C1E04 /* UIView+.swift in Sources */ = {isa = PBXBuildFile; fileRef = 11E366FC2D37DC4B008C1E04 /* UIView+.swift */; };
		11E367002D37E26B008C1E04 /* BaseCollectionViewCell.swift in Sources */ = {isa = PBXBuildFile; fileRef = 11E366FF2D37E26B008C1E04 /* BaseCollectionViewCell.swift */; };
		11E367042D37EF01008C1E04 /* APIKeys.swift in Sources */ = {isa = PBXBuildFile; fileRef = 11E367032D37EF01008C1E04 /* APIKeys.swift */; };
		11E367062D37EF11008C1E04 /* Urls.swift in Sources */ = {isa = PBXBuildFile; fileRef = 11E367052D37EF11008C1E04 /* Urls.swift */; };
/* End PBXBuildFile section */

/* Begin PBXFileReference section */
		11E366A42D377942008C1E04 /* ShoppingPractice.app */ = {isa = PBXFileReference; explicitFileType = wrapper.application; includeInIndex = 0; path = ShoppingPractice.app; sourceTree = BUILT_PRODUCTS_DIR; };
		11E366DE2D3782C2008C1E04 /* AppDelegate.swift */ = {isa = PBXFileReference; lastKnownFileType = sourcecode.swift; path = AppDelegate.swift; sourceTree = "<group>"; };
		11E366DF2D3782C2008C1E04 /* Assets.xcassets */ = {isa = PBXFileReference; lastKnownFileType = folder.assetcatalog; path = Assets.xcassets; sourceTree = "<group>"; };
		11E366E02D3782C2008C1E04 /* Info.plist */ = {isa = PBXFileReference; lastKnownFileType = text.plist.xml; path = Info.plist; sourceTree = "<group>"; };
		11E366E12D3782C2008C1E04 /* Base */ = {isa = PBXFileReference; lastKnownFileType = file.storyboard; name = Base; path = Base.lproj/LaunchScreen.storyboard; sourceTree = "<group>"; };
		11E366E32D3782C2008C1E04 /* SceneDelegate.swift */ = {isa = PBXFileReference; lastKnownFileType = sourcecode.swift; path = SceneDelegate.swift; sourceTree = "<group>"; };
		11E366E42D3782C2008C1E04 /* ViewController.swift */ = {isa = PBXFileReference; lastKnownFileType = sourcecode.swift; path = ViewController.swift; sourceTree = "<group>"; };
		11E366F02D3782F4008C1E04 /* ViewConfig.swift */ = {isa = PBXFileReference; lastKnownFileType = sourcecode.swift; path = ViewConfig.swift; sourceTree = "<group>"; };
		11E366F22D378322008C1E04 /* UIViewController+.swift */ = {isa = PBXFileReference; lastKnownFileType = sourcecode.swift; path = "UIViewController+.swift"; sourceTree = "<group>"; };
		11E366F52D37848B008C1E04 /* ShoppingListViewController.swift */ = {isa = PBXFileReference; lastKnownFileType = sourcecode.swift; path = ShoppingListViewController.swift; sourceTree = "<group>"; };
		11E366FA2D378736008C1E04 /* Merchandise.swift */ = {isa = PBXFileReference; lastKnownFileType = sourcecode.swift; path = Merchandise.swift; sourceTree = "<group>"; };
		11E366FC2D37DC4B008C1E04 /* UIView+.swift */ = {isa = PBXFileReference; lastKnownFileType = sourcecode.swift; path = "UIView+.swift"; sourceTree = "<group>"; };
		11E366FF2D37E26B008C1E04 /* BaseCollectionViewCell.swift */ = {isa = PBXFileReference; lastKnownFileType = sourcecode.swift; path = BaseCollectionViewCell.swift; sourceTree = "<group>"; };
		11E367012D37EEC7008C1E04 /* .gitignore */ = {isa = PBXFileReference; lastKnownFileType = text; path = .gitignore; sourceTree = "<group>"; };
		11E367032D37EF01008C1E04 /* APIKeys.swift */ = {isa = PBXFileReference; lastKnownFileType = sourcecode.swift; path = APIKeys.swift; sourceTree = "<group>"; };
		11E367052D37EF11008C1E04 /* Urls.swift */ = {isa = PBXFileReference; lastKnownFileType = sourcecode.swift; path = Urls.swift; sourceTree = "<group>"; };
/* End PBXFileReference section */

/* Begin PBXFrameworksBuildPhase section */
		11E366A12D377942008C1E04 /* Frameworks */ = {
			isa = PBXFrameworksBuildPhase;
			buildActionMask = 2147483647;
			files = (
				11E366DD2D3782B1008C1E04 /* Kingfisher in Frameworks */,
				11E366D42D378260008C1E04 /* Alamofire in Frameworks */,
				11E366DA2D37829E008C1E04 /* Then in Frameworks */,
				11E366D72D378291008C1E04 /* SnapKit in Frameworks */,
			);
			runOnlyForDeploymentPostprocessing = 0;
		};
/* End PBXFrameworksBuildPhase section */

/* Begin PBXGroup section */
		11E3669B2D377942008C1E04 = {
			isa = PBXGroup;
			children = (
				11E367012D37EEC7008C1E04 /* .gitignore */,
				11E366E52D3782C2008C1E04 /* ShoppingPractice */,
				11E366A52D377942008C1E04 /* Products */,
			);
			sourceTree = "<group>";
		};
		11E366A52D377942008C1E04 /* Products */ = {
			isa = PBXGroup;
			children = (
				11E366A42D377942008C1E04 /* ShoppingPractice.app */,
			);
			name = Products;
			sourceTree = "<group>";
		};
		11E366E52D3782C2008C1E04 /* ShoppingPractice */ = {
			isa = PBXGroup;
			children = (
				11E367022D37EEF4008C1E04 /* Network */,
				11E366FE2D37E25A008C1E04 /* Component */,
				11E366F42D3783A2008C1E04 /* App */,
				11E366EF2D3782D5008C1E04 /* Extension */,
				11E366EE2D3782D1008C1E04 /* Model */,
				11E366ED2D3782CC008C1E04 /* ViewController */,
				11E366EC2D3782C4008C1E04 /* Interface */,
				11E366E02D3782C2008C1E04 /* Info.plist */,
			);
			path = ShoppingPractice;
			sourceTree = "<group>";
		};
		11E366EC2D3782C4008C1E04 /* Interface */ = {
			isa = PBXGroup;
			children = (
				11E366F02D3782F4008C1E04 /* ViewConfig.swift */,
			);
			path = Interface;
			sourceTree = "<group>";
		};
		11E366ED2D3782CC008C1E04 /* ViewController */ = {
			isa = PBXGroup;
			children = (
				11E366E42D3782C2008C1E04 /* ViewController.swift */,
				11E366F52D37848B008C1E04 /* ShoppingListViewController.swift */,
			);
			path = ViewController;
			sourceTree = "<group>";
		};
		11E366EE2D3782D1008C1E04 /* Model */ = {
			isa = PBXGroup;
			children = (
				11E366FA2D378736008C1E04 /* Merchandise.swift */,
			);
			path = Model;
			sourceTree = "<group>";
		};
		11E366EF2D3782D5008C1E04 /* Extension */ = {
			isa = PBXGroup;
			children = (
				11E366FC2D37DC4B008C1E04 /* UIView+.swift */,
				11E366F22D378322008C1E04 /* UIViewController+.swift */,
			);
			path = Extension;
			sourceTree = "<group>";
		};
		11E366F42D3783A2008C1E04 /* App */ = {
			isa = PBXGroup;
			children = (
				11E366DE2D3782C2008C1E04 /* AppDelegate.swift */,
				11E366E32D3782C2008C1E04 /* SceneDelegate.swift */,
				11E366DF2D3782C2008C1E04 /* Assets.xcassets */,
				11E366E22D3782C2008C1E04 /* LaunchScreen.storyboard */,
			);
			path = App;
			sourceTree = "<group>";
		};
		11E366FE2D37E25A008C1E04 /* Component */ = {
			isa = PBXGroup;
			children = (
				11E366FF2D37E26B008C1E04 /* BaseCollectionViewCell.swift */,
			);
			path = Component;
			sourceTree = "<group>";
		};
		11E367022D37EEF4008C1E04 /* Network */ = {
			isa = PBXGroup;
			children = (
				11E367032D37EF01008C1E04 /* APIKeys.swift */,
				11E367052D37EF11008C1E04 /* Urls.swift */,
			);
			path = Network;
			sourceTree = "<group>";
		};
/* End PBXGroup section */

/* Begin PBXNativeTarget section */
		11E366A32D377942008C1E04 /* ShoppingPractice */ = {
			isa = PBXNativeTarget;
			buildConfigurationList = 11E366B72D377944008C1E04 /* Build configuration list for PBXNativeTarget "ShoppingPractice" */;
			buildPhases = (
				11E366A02D377942008C1E04 /* Sources */,
				11E366A12D377942008C1E04 /* Frameworks */,
				11E366A22D377942008C1E04 /* Resources */,
			);
			buildRules = (
			);
			dependencies = (
			);
			name = ShoppingPractice;
			packageProductDependencies = (
				11E366D32D378260008C1E04 /* Alamofire */,
				11E366D62D378291008C1E04 /* SnapKit */,
				11E366D92D37829E008C1E04 /* Then */,
				11E366DC2D3782B1008C1E04 /* Kingfisher */,
			);
			productName = ShoppingPractice;
			productReference = 11E366A42D377942008C1E04 /* ShoppingPractice.app */;
			productType = "com.apple.product-type.application";
		};
/* End PBXNativeTarget section */

/* Begin PBXProject section */
		11E3669C2D377942008C1E04 /* Project object */ = {
			isa = PBXProject;
			attributes = {
				BuildIndependentTargetsInParallel = 1;
				LastSwiftUpdateCheck = 1620;
				LastUpgradeCheck = 1620;
				TargetAttributes = {
					11E366A32D377942008C1E04 = {
						CreatedOnToolsVersion = 16.2;
					};
				};
			};
			buildConfigurationList = 11E3669F2D377942008C1E04 /* Build configuration list for PBXProject "ShoppingPractice" */;
			developmentRegion = en;
			hasScannedForEncodings = 0;
			knownRegions = (
				en,
				Base,
			);
			mainGroup = 11E3669B2D377942008C1E04;
			minimizedProjectReferenceProxies = 1;
			packageReferences = (
				11E366D22D378260008C1E04 /* XCRemoteSwiftPackageReference "Alamofire" */,
				11E366D52D378291008C1E04 /* XCRemoteSwiftPackageReference "SnapKit" */,
				11E366D82D37829E008C1E04 /* XCRemoteSwiftPackageReference "Then" */,
				11E366DB2D3782B1008C1E04 /* XCRemoteSwiftPackageReference "Kingfisher" */,
			);
			preferredProjectObjectVersion = 77;
			productRefGroup = 11E366A52D377942008C1E04 /* Products */;
			projectDirPath = "";
			projectRoot = "";
			targets = (
				11E366A32D377942008C1E04 /* ShoppingPractice */,
			);
		};
/* End PBXProject section */

/* Begin PBXResourcesBuildPhase section */
		11E366A22D377942008C1E04 /* Resources */ = {
			isa = PBXResourcesBuildPhase;
			buildActionMask = 2147483647;
			files = (
				11E366E62D3782C2008C1E04 /* Assets.xcassets in Resources */,
				11E366E82D3782C2008C1E04 /* LaunchScreen.storyboard in Resources */,
			);
			runOnlyForDeploymentPostprocessing = 0;
		};
/* End PBXResourcesBuildPhase section */

/* Begin PBXSourcesBuildPhase section */
		11E366A02D377942008C1E04 /* Sources */ = {
			isa = PBXSourcesBuildPhase;
			buildActionMask = 2147483647;
			files = (
				11E366F12D3782F9008C1E04 /* ViewConfig.swift in Sources */,
				11E366E92D3782C2008C1E04 /* AppDelegate.swift in Sources */,
				11E367002D37E26B008C1E04 /* BaseCollectionViewCell.swift in Sources */,
				11E366F62D37848B008C1E04 /* ShoppingListViewController.swift in Sources */,
				11E367062D37EF11008C1E04 /* Urls.swift in Sources */,
				11E366F32D378327008C1E04 /* UIViewController+.swift in Sources */,
				11E366FD2D37DC54008C1E04 /* UIView+.swift in Sources */,
				11E367042D37EF01008C1E04 /* APIKeys.swift in Sources */,
				11E366FB2D378748008C1E04 /* Merchandise.swift in Sources */,
				11E366EA2D3782C2008C1E04 /* SceneDelegate.swift in Sources */,
				11E366EB2D3782C2008C1E04 /* ViewController.swift in Sources */,
			);
			runOnlyForDeploymentPostprocessing = 0;
		};
/* End PBXSourcesBuildPhase section */

/* Begin PBXVariantGroup section */
		11E366E22D3782C2008C1E04 /* LaunchScreen.storyboard */ = {
			isa = PBXVariantGroup;
			children = (
				11E366E12D3782C2008C1E04 /* Base */,
			);
			name = LaunchScreen.storyboard;
			sourceTree = "<group>";
		};
/* End PBXVariantGroup section */

/* Begin XCBuildConfiguration section */
		11E366B82D377944008C1E04 /* Debug */ = {
			isa = XCBuildConfiguration;
			buildSettings = {
				ASSETCATALOG_COMPILER_APPICON_NAME = AppIcon;
				ASSETCATALOG_COMPILER_GLOBAL_ACCENT_COLOR_NAME = AccentColor;
				CODE_SIGN_STYLE = Automatic;
				CURRENT_PROJECT_VERSION = 1;
				DEVELOPMENT_TEAM = W43DLLFB4Q;
				GENERATE_INFOPLIST_FILE = YES;
				INFOPLIST_FILE = ShoppingPractice/Info.plist;
				INFOPLIST_KEY_UIApplicationSupportsIndirectInputEvents = YES;
				INFOPLIST_KEY_UILaunchStoryboardName = LaunchScreen;
				INFOPLIST_KEY_UISupportedInterfaceOrientations_iPad = "UIInterfaceOrientationPortrait UIInterfaceOrientationPortraitUpsideDown UIInterfaceOrientationLandscapeLeft UIInterfaceOrientationLandscapeRight";
				INFOPLIST_KEY_UISupportedInterfaceOrientations_iPhone = "UIInterfaceOrientationPortrait UIInterfaceOrientationLandscapeLeft UIInterfaceOrientationLandscapeRight";
				LD_RUNPATH_SEARCH_PATHS = (
					"$(inherited)",
					"@executable_path/Frameworks",
				);
				MARKETING_VERSION = 1.0;
				PRODUCT_BUNDLE_IDENTIFIER = com.sean.SeSAC.Assignment.ShoppingPractice;
				PRODUCT_NAME = "$(TARGET_NAME)";
				SWIFT_EMIT_LOC_STRINGS = YES;
				SWIFT_VERSION = 5.0;
				TARGETED_DEVICE_FAMILY = "1,2";
			};
			name = Debug;
		};
		11E366B92D377944008C1E04 /* Release */ = {
			isa = XCBuildConfiguration;
			buildSettings = {
				ASSETCATALOG_COMPILER_APPICON_NAME = AppIcon;
				ASSETCATALOG_COMPILER_GLOBAL_ACCENT_COLOR_NAME = AccentColor;
				CODE_SIGN_STYLE = Automatic;
				CURRENT_PROJECT_VERSION = 1;
				DEVELOPMENT_TEAM = W43DLLFB4Q;
				GENERATE_INFOPLIST_FILE = YES;
				INFOPLIST_FILE = ShoppingPractice/Info.plist;
				INFOPLIST_KEY_UIApplicationSupportsIndirectInputEvents = YES;
				INFOPLIST_KEY_UILaunchStoryboardName = LaunchScreen;
				INFOPLIST_KEY_UISupportedInterfaceOrientations_iPad = "UIInterfaceOrientationPortrait UIInterfaceOrientationPortraitUpsideDown UIInterfaceOrientationLandscapeLeft UIInterfaceOrientationLandscapeRight";
				INFOPLIST_KEY_UISupportedInterfaceOrientations_iPhone = "UIInterfaceOrientationPortrait UIInterfaceOrientationLandscapeLeft UIInterfaceOrientationLandscapeRight";
				LD_RUNPATH_SEARCH_PATHS = (
					"$(inherited)",
					"@executable_path/Frameworks",
				);
				MARKETING_VERSION = 1.0;
				PRODUCT_BUNDLE_IDENTIFIER = com.sean.SeSAC.Assignment.ShoppingPractice;
				PRODUCT_NAME = "$(TARGET_NAME)";
				SWIFT_EMIT_LOC_STRINGS = YES;
				SWIFT_VERSION = 5.0;
				TARGETED_DEVICE_FAMILY = "1,2";
			};
			name = Release;
		};
		11E366BA2D377944008C1E04 /* Debug */ = {
			isa = XCBuildConfiguration;
			buildSettings = {
				ALWAYS_SEARCH_USER_PATHS = NO;
				ASSETCATALOG_COMPILER_GENERATE_SWIFT_ASSET_SYMBOL_EXTENSIONS = YES;
				CLANG_ANALYZER_NONNULL = YES;
				CLANG_ANALYZER_NUMBER_OBJECT_CONVERSION = YES_AGGRESSIVE;
				CLANG_CXX_LANGUAGE_STANDARD = "gnu++20";
				CLANG_ENABLE_MODULES = YES;
				CLANG_ENABLE_OBJC_ARC = YES;
				CLANG_ENABLE_OBJC_WEAK = YES;
				CLANG_WARN_BLOCK_CAPTURE_AUTORELEASING = YES;
				CLANG_WARN_BOOL_CONVERSION = YES;
				CLANG_WARN_COMMA = YES;
				CLANG_WARN_CONSTANT_CONVERSION = YES;
				CLANG_WARN_DEPRECATED_OBJC_IMPLEMENTATIONS = YES;
				CLANG_WARN_DIRECT_OBJC_ISA_USAGE = YES_ERROR;
				CLANG_WARN_DOCUMENTATION_COMMENTS = YES;
				CLANG_WARN_EMPTY_BODY = YES;
				CLANG_WARN_ENUM_CONVERSION = YES;
				CLANG_WARN_INFINITE_RECURSION = YES;
				CLANG_WARN_INT_CONVERSION = YES;
				CLANG_WARN_NON_LITERAL_NULL_CONVERSION = YES;
				CLANG_WARN_OBJC_IMPLICIT_RETAIN_SELF = YES;
				CLANG_WARN_OBJC_LITERAL_CONVERSION = YES;
				CLANG_WARN_OBJC_ROOT_CLASS = YES_ERROR;
				CLANG_WARN_QUOTED_INCLUDE_IN_FRAMEWORK_HEADER = YES;
				CLANG_WARN_RANGE_LOOP_ANALYSIS = YES;
				CLANG_WARN_STRICT_PROTOTYPES = YES;
				CLANG_WARN_SUSPICIOUS_MOVE = YES;
				CLANG_WARN_UNGUARDED_AVAILABILITY = YES_AGGRESSIVE;
				CLANG_WARN_UNREACHABLE_CODE = YES;
				CLANG_WARN__DUPLICATE_METHOD_MATCH = YES;
				COPY_PHASE_STRIP = NO;
				DEBUG_INFORMATION_FORMAT = dwarf;
				ENABLE_STRICT_OBJC_MSGSEND = YES;
				ENABLE_TESTABILITY = YES;
				ENABLE_USER_SCRIPT_SANDBOXING = YES;
				GCC_C_LANGUAGE_STANDARD = gnu17;
				GCC_DYNAMIC_NO_PIC = NO;
				GCC_NO_COMMON_BLOCKS = YES;
				GCC_OPTIMIZATION_LEVEL = 0;
				GCC_PREPROCESSOR_DEFINITIONS = (
					"DEBUG=1",
					"$(inherited)",
				);
				GCC_WARN_64_TO_32_BIT_CONVERSION = YES;
				GCC_WARN_ABOUT_RETURN_TYPE = YES_ERROR;
				GCC_WARN_UNDECLARED_SELECTOR = YES;
				GCC_WARN_UNINITIALIZED_AUTOS = YES_AGGRESSIVE;
				GCC_WARN_UNUSED_FUNCTION = YES;
				GCC_WARN_UNUSED_VARIABLE = YES;
				IPHONEOS_DEPLOYMENT_TARGET = 18.2;
				LOCALIZATION_PREFERS_STRING_CATALOGS = YES;
				MTL_ENABLE_DEBUG_INFO = INCLUDE_SOURCE;
				MTL_FAST_MATH = YES;
				ONLY_ACTIVE_ARCH = YES;
				SDKROOT = iphoneos;
				SWIFT_ACTIVE_COMPILATION_CONDITIONS = "DEBUG $(inherited)";
				SWIFT_OPTIMIZATION_LEVEL = "-Onone";
			};
			name = Debug;
		};
		11E366BB2D377944008C1E04 /* Release */ = {
			isa = XCBuildConfiguration;
			buildSettings = {
				ALWAYS_SEARCH_USER_PATHS = NO;
				ASSETCATALOG_COMPILER_GENERATE_SWIFT_ASSET_SYMBOL_EXTENSIONS = YES;
				CLANG_ANALYZER_NONNULL = YES;
				CLANG_ANALYZER_NUMBER_OBJECT_CONVERSION = YES_AGGRESSIVE;
				CLANG_CXX_LANGUAGE_STANDARD = "gnu++20";
				CLANG_ENABLE_MODULES = YES;
				CLANG_ENABLE_OBJC_ARC = YES;
				CLANG_ENABLE_OBJC_WEAK = YES;
				CLANG_WARN_BLOCK_CAPTURE_AUTORELEASING = YES;
				CLANG_WARN_BOOL_CONVERSION = YES;
				CLANG_WARN_COMMA = YES;
				CLANG_WARN_CONSTANT_CONVERSION = YES;
				CLANG_WARN_DEPRECATED_OBJC_IMPLEMENTATIONS = YES;
				CLANG_WARN_DIRECT_OBJC_ISA_USAGE = YES_ERROR;
				CLANG_WARN_DOCUMENTATION_COMMENTS = YES;
				CLANG_WARN_EMPTY_BODY = YES;
				CLANG_WARN_ENUM_CONVERSION = YES;
				CLANG_WARN_INFINITE_RECURSION = YES;
				CLANG_WARN_INT_CONVERSION = YES;
				CLANG_WARN_NON_LITERAL_NULL_CONVERSION = YES;
				CLANG_WARN_OBJC_IMPLICIT_RETAIN_SELF = YES;
				CLANG_WARN_OBJC_LITERAL_CONVERSION = YES;
				CLANG_WARN_OBJC_ROOT_CLASS = YES_ERROR;
				CLANG_WARN_QUOTED_INCLUDE_IN_FRAMEWORK_HEADER = YES;
				CLANG_WARN_RANGE_LOOP_ANALYSIS = YES;
				CLANG_WARN_STRICT_PROTOTYPES = YES;
				CLANG_WARN_SUSPICIOUS_MOVE = YES;
				CLANG_WARN_UNGUARDED_AVAILABILITY = YES_AGGRESSIVE;
				CLANG_WARN_UNREACHABLE_CODE = YES;
				CLANG_WARN__DUPLICATE_METHOD_MATCH = YES;
				COPY_PHASE_STRIP = NO;
				DEBUG_INFORMATION_FORMAT = "dwarf-with-dsym";
				ENABLE_NS_ASSERTIONS = NO;
				ENABLE_STRICT_OBJC_MSGSEND = YES;
				ENABLE_USER_SCRIPT_SANDBOXING = YES;
				GCC_C_LANGUAGE_STANDARD = gnu17;
				GCC_NO_COMMON_BLOCKS = YES;
				GCC_WARN_64_TO_32_BIT_CONVERSION = YES;
				GCC_WARN_ABOUT_RETURN_TYPE = YES_ERROR;
				GCC_WARN_UNDECLARED_SELECTOR = YES;
				GCC_WARN_UNINITIALIZED_AUTOS = YES_AGGRESSIVE;
				GCC_WARN_UNUSED_FUNCTION = YES;
				GCC_WARN_UNUSED_VARIABLE = YES;
				IPHONEOS_DEPLOYMENT_TARGET = 18.2;
				LOCALIZATION_PREFERS_STRING_CATALOGS = YES;
				MTL_ENABLE_DEBUG_INFO = NO;
				MTL_FAST_MATH = YES;
				SDKROOT = iphoneos;
				SWIFT_COMPILATION_MODE = wholemodule;
				VALIDATE_PRODUCT = YES;
			};
			name = Release;
		};
/* End XCBuildConfiguration section */

/* Begin XCConfigurationList section */
		11E3669F2D377942008C1E04 /* Build configuration list for PBXProject "ShoppingPractice" */ = {
			isa = XCConfigurationList;
			buildConfigurations = (
				11E366BA2D377944008C1E04 /* Debug */,
				11E366BB2D377944008C1E04 /* Release */,
			);
			defaultConfigurationIsVisible = 0;
			defaultConfigurationName = Release;
		};
		11E366B72D377944008C1E04 /* Build configuration list for PBXNativeTarget "ShoppingPractice" */ = {
			isa = XCConfigurationList;
			buildConfigurations = (
				11E366B82D377944008C1E04 /* Debug */,
				11E366B92D377944008C1E04 /* Release */,
			);
			defaultConfigurationIsVisible = 0;
			defaultConfigurationName = Release;
		};
/* End XCConfigurationList section */

/* Begin XCRemoteSwiftPackageReference section */
		11E366D22D378260008C1E04 /* XCRemoteSwiftPackageReference "Alamofire" */ = {
			isa = XCRemoteSwiftPackageReference;
			repositoryURL = "https://github.com/Alamofire/Alamofire";
			requirement = {
				kind = upToNextMajorVersion;
				minimumVersion = 5.10.2;
			};
		};
		11E366D52D378291008C1E04 /* XCRemoteSwiftPackageReference "SnapKit" */ = {
			isa = XCRemoteSwiftPackageReference;
			repositoryURL = "https://github.com/SnapKit/SnapKit";
			requirement = {
				kind = upToNextMajorVersion;
				minimumVersion = 5.7.1;
			};
		};
		11E366D82D37829E008C1E04 /* XCRemoteSwiftPackageReference "Then" */ = {
			isa = XCRemoteSwiftPackageReference;
			repositoryURL = "https://github.com/devxoul/Then";
			requirement = {
				kind = upToNextMajorVersion;
				minimumVersion = 3.0.0;
			};
		};
		11E366DB2D3782B1008C1E04 /* XCRemoteSwiftPackageReference "Kingfisher" */ = {
			isa = XCRemoteSwiftPackageReference;
			repositoryURL = "https://github.com/onevcat/Kingfisher";
			requirement = {
				kind = upToNextMajorVersion;
				minimumVersion = 8.1.3;
			};
		};
/* End XCRemoteSwiftPackageReference section */

/* Begin XCSwiftPackageProductDependency section */
		11E366D32D378260008C1E04 /* Alamofire */ = {
			isa = XCSwiftPackageProductDependency;
			package = 11E366D22D378260008C1E04 /* XCRemoteSwiftPackageReference "Alamofire" */;
			productName = Alamofire;
		};
		11E366D62D378291008C1E04 /* SnapKit */ = {
			isa = XCSwiftPackageProductDependency;
			package = 11E366D52D378291008C1E04 /* XCRemoteSwiftPackageReference "SnapKit" */;
			productName = SnapKit;
		};
		11E366D92D37829E008C1E04 /* Then */ = {
			isa = XCSwiftPackageProductDependency;
			package = 11E366D82D37829E008C1E04 /* XCRemoteSwiftPackageReference "Then" */;
			productName = Then;
		};
		11E366DC2D3782B1008C1E04 /* Kingfisher */ = {
			isa = XCSwiftPackageProductDependency;
			package = 11E366DB2D3782B1008C1E04 /* XCRemoteSwiftPackageReference "Kingfisher" */;
			productName = Kingfisher;
		};
/* End XCSwiftPackageProductDependency section */
	};
	rootObject = 11E3669C2D377942008C1E04 /* Project object */;
}
